
Microsoft Visual Studio Solution File, Format Version 12.00
# Visual Studio 15
Project("{FAE04EC0-301F-11D3-BF4B-00C04F79EFBC}") = "UnityEngine.UI", "UnityEngine.UI.csproj", "{98C28897-BC52-CBB7-8388-D7A515DA58D0}"
EndProject
Project("{FAE04EC0-301F-11D3-BF4B-00C04F79EFBC}") = "UnityEngine.TestRunner", "UnityEngine.TestRunner.csproj", "{BD5DEC31-77CF-FF11-C50A-FC238B1DB1D7}"
EndProject
Project("{FAE04EC0-301F-11D3-BF4B-00C04F79EFBC}") = "Unity.VisualScripting.Flow", "Unity.VisualScripting.Flow.csproj", "{5F65D179-4934-FEE1-8F45-34A32E86147A}"
EndProject
Project("{FAE04EC0-301F-11D3-BF4B-00C04F79EFBC}") = "Unity.Mathematics", "Unity.Mathematics.csproj", "{CB7D035A-D97A-269A-6D82-957AF58C7105}"
EndProject
Project("{FAE04EC0-301F-11D3-BF4B-00C04F79EFBC}") = "Unity.VisualScripting.State", "Unity.VisualScripting.State.csproj", "{0565A1D6-106A-7543-9674-7592C6EC689E}"
EndProject
Project("{FAE04EC0-301F-11D3-BF4B-00C04F79EFBC}") = "Unity.VisualScripting.Core", "Unity.VisualScripting.Core.csproj", "{20EC0D67-DEF1-6C5F-23C9-FD0C5E4A6E10}"
EndProject
Project("{FAE04EC0-301F-11D3-BF4B-00C04F79EFBC}") = "Unity.Burst", "Unity.Burst.csproj", "{F060E5AF-2C61-96B5-D7E7-A9CD114B2EEA}"
EndProject
Project("{FAE04EC0-301F-11D3-BF4B-00C04F79EFBC}") = "Unity.2D.Animation.Runtime", "Unity.2D.Animation.Runtime.csproj", "{130C3D42-7CD5-BDBE-4B48-ECAECF35AC70}"
EndProject
Project("{FAE04EC0-301F-11D3-BF4B-00C04F79EFBC}") = "Assembly-CSharp", "Assembly-CSharp.csproj", "{AB927FBF-D901-E933-F521-68A0418FFFF4}"
EndProject
Project("{FAE04EC0-301F-11D3-BF4B-00C04F79EFBC}") = "Unity.TextMeshPro", "Unity.TextMeshPro.csproj", "{6C693405-303E-0907-C466-B77A8DF03B1A}"
EndProject
Project("{FAE04EC0-301F-11D3-BF4B-00C04F79EFBC}") = "Unity.Timeline", "Unity.Timeline.csproj", "{B636B6C0-6D1B-4E8E-A6CD-249FBF3F3BAA}"
EndProject
Project("{FAE04EC0-301F-11D3-BF4B-00C04F79EFBC}") = "Unity.2D.SpriteShape.Runtime", "Unity.2D.SpriteShape.Runtime.csproj", "{E99CC6AB-8346-F3F6-A6A2-49EC9DED31C2}"
EndProject
Project("{FAE04EC0-301F-11D3-BF4B-00C04F79EFBC}") = "Unity.2D.PixelPerfect", "Unity.2D.PixelPerfect.csproj", "{9E287CC8-D6B4-859B-25ED-E0A7B5E411B8}"
EndProject
Project("{FAE04EC0-301F-11D3-BF4B-00C04F79EFBC}") = "Unity.2D.Common.Runtime", "Unity.2D.Common.Runtime.csproj", "{AE9AFAB7-1DCA-F436-57AE-E9A8FD5A988E}"
EndProject
Project("{FAE04EC0-301F-11D3-BF4B-00C04F79EFBC}") = "Unity.2D.IK.Runtime", "Unity.2D.IK.Runtime.csproj", "{F2091A61-D7E3-3A58-80C1-1255FDC90C67}"
EndProject
Project("{FAE04EC0-301F-11D3-BF4B-00C04F79EFBC}") = "Unity.2D.Tilemap.Extras", "Unity.2D.Tilemap.Extras.csproj", "{3F06A929-7ED5-25F9-6D41-1681FB4D2289}"
EndProject
Project("{FAE04EC0-301F-11D3-BF4B-00C04F79EFBC}") = "Unity.InternalAPIEngineBridge.001", "Unity.InternalAPIEngineBridge.001.csproj", "{8C4DEA4A-DAE7-8034-012C-2517D15B370F}"
EndProject
Project("{FAE04EC0-301F-11D3-BF4B-00C04F79EFBC}") = "Unity.PlasticSCM.Editor", "Unity.PlasticSCM.Editor.csproj", "{5F81E8EB-6E14-6FD1-85BD-9FAFE9BCFD7A}"
EndProject
Project("{FAE04EC0-301F-11D3-BF4B-00C04F79EFBC}") = "Unity.VisualScripting.Core.Editor", "Unity.VisualScripting.Core.Editor.csproj", "{B8C8F26C-F7A4-661D-8F89-832114A8C77C}"
EndProject
Project("{FAE04EC0-301F-11D3-BF4B-00C04F79EFBC}") = "Unity.VisualScripting.Flow.Editor", "Unity.VisualScripting.Flow.Editor.csproj", "{9AA469BA-F175-2F16-1313-999C6A7F5563}"
EndProject
Project("{FAE04EC0-301F-11D3-BF4B-00C04F79EFBC}") = "Unity.2D.Aseprite.Editor", "Unity.2D.Aseprite.Editor.csproj", "{507FC84C-5EF6-981E-88B1-D7F02EE04BCF}"
EndProject
Project("{FAE04EC0-301F-11D3-BF4B-00C04F79EFBC}") = "Unity.VisualStudio.Editor", "Unity.VisualStudio.Editor.csproj", "{BAEDA621-06B5-AF15-80E1-84375145A9AD}"
EndProject
Project("{FAE04EC0-301F-11D3-BF4B-00C04F79EFBC}") = "Unity.Timeline.Editor", "Unity.Timeline.Editor.csproj", "{97C5BA7A-A479-4DB3-0E05-9A3BF0F70871}"
EndProject
Project("{FAE04EC0-301F-11D3-BF4B-00C04F79EFBC}") = "Unity.VisualScripting.State.Editor", "Unity.VisualScripting.State.Editor.csproj", "{2F53D1FC-4CEE-E30A-877A-73610CA74313}"
EndProject
Project("{FAE04EC0-301F-11D3-BF4B-00C04F79EFBC}") = "Unity.TextMeshPro.Editor", "Unity.TextMeshPro.Editor.csproj", "{29B7D368-64E8-2259-8374-9B7736CB225E}"
EndProject
Project("{FAE04EC0-301F-11D3-BF4B-00C04F79EFBC}") = "Unity.2D.PixelPerfect.Editor", "Unity.2D.PixelPerfect.Editor.csproj", "{C9524E3F-82D9-5474-5E6E-F2106B7E0E45}"
EndProject
Project("{FAE04EC0-301F-11D3-BF4B-00C04F79EFBC}") = "Unity.2D.Animation.Editor", "Unity.2D.Animation.Editor.csproj", "{93791AC7-BC51-4AD3-C81D-B44FADB48F38}"
EndProject
Project("{FAE04EC0-301F-11D3-BF4B-00C04F79EFBC}") = "Unity.VisualScripting.SettingsProvider.Editor", "Unity.VisualScripting.SettingsProvider.Editor.csproj", "{2675BE58-B124-5340-F9EC-47B258CB1AD2}"
EndProject
Project("{FAE04EC0-301F-11D3-BF4B-00C04F79EFBC}") = "Unity.2D.Psdimporter.Editor", "Unity.2D.Psdimporter.Editor.csproj", "{A064C88A-531D-457D-4D7F-75A02ED7C34E}"
EndProject
Project("{FAE04EC0-301F-11D3-BF4B-00C04F79EFBC}") = "UnityEditor.TestRunner", "UnityEditor.TestRunner.csproj", "{9685DEBB-4BA4-233A-E978-8DAA9BB88853}"
EndProject
Project("{FAE04EC0-301F-11D3-BF4B-00C04F79EFBC}") = "Unity.2D.Tilemap.Editor", "Unity.2D.Tilemap.Editor.csproj", "{C57B1ED4-2B52-4D32-4833-C29AB0188C61}"
EndProject
Project("{FAE04EC0-301F-11D3-BF4B-00C04F79EFBC}") = "Assembly-CSharp-Editor", "Assembly-CSharp-Editor.csproj", "{1129AF3C-A1B2-C037-393B-AEA6197E69A3}"
EndProject
Project("{FAE04EC0-301F-11D3-BF4B-00C04F79EFBC}") = "Unity.Rider.Editor", "Unity.Rider.Editor.csproj", "{2A0724B6-65C5-E266-4B45-9701EA6142AF}"
EndProject
Project("{FAE04EC0-301F-11D3-BF4B-00C04F79EFBC}") = "Unity.2D.Path.Editor", "Unity.2D.Path.Editor.csproj", "{D17B42C8-C90C-6E39-19B3-FE3839635D6B}"
EndProject
Project("{FAE04EC0-301F-11D3-BF4B-00C04F79EFBC}") = "PsdPlugin", "PsdPlugin.csproj", "{A739AAF3-E7BF-F880-65C8-751608ED408F}"
EndProject
Project("{FAE04EC0-301F-11D3-BF4B-00C04F79EFBC}") = "Unity.2D.IK.Editor", "Unity.2D.IK.Editor.csproj", "{13679AC6-9724-7FE5-E351-7E0DC47DBAEE}"
EndProject
Project("{FAE04EC0-301F-11D3-BF4B-00C04F79EFBC}") = "Unity.2D.SpriteShape.Editor", "Unity.2D.SpriteShape.Editor.csproj", "{D4562695-DF32-889D-DD78-0A848019877B}"
EndProject
Project("{FAE04EC0-301F-11D3-BF4B-00C04F79EFBC}") = "Unity.Burst.CodeGen", "Unity.Burst.CodeGen.csproj", "{DFA2ADB5-D04D-F535-A906-EDCD050E2044}"
EndProject
Project("{FAE04EC0-301F-11D3-BF4B-00C04F79EFBC}") = "Unity.VSCode.Editor", "Unity.VSCode.Editor.csproj", "{22E024CE-45B5-366C-B3CC-A801A663B2CF}"
EndProject
Project("{FAE04EC0-301F-11D3-BF4B-00C04F79EFBC}") = "Unity.2D.Sprite.Editor", "Unity.2D.Sprite.Editor.csproj", "{ACCAB6A1-D3BF-17BD-D6A3-4F907F54FC8D}"
EndProject
Project("{FAE04EC0-301F-11D3-BF4B-00C04F79EFBC}") = "UnityEditor.UI", "UnityEditor.UI.csproj", "{9750554B-5F47-3BF1-90C3-B5EA7C6F83F1}"
EndProject
Project("{FAE04EC0-301F-11D3-BF4B-00C04F79EFBC}") = "Unity.2D.Common.Editor", "Unity.2D.Common.Editor.csproj", "{EE434C9D-B3C6-91E4-F690-8F69BFC36A2C}"
EndProject
Project("{FAE04EC0-301F-11D3-BF4B-00C04F79EFBC}") = "Unity.CollabProxy.Editor", "Unity.CollabProxy.Editor.csproj", "{5DC7AC8D-A913-DAFB-8BA0-F0981D22F5CD}"
EndProject
Project("{FAE04EC0-301F-11D3-BF4B-00C04F79EFBC}") = "Unity.Mathematics.Editor", "Unity.Mathematics.Editor.csproj", "{EBECCA6A-DE5C-701F-7A42-81EEEBA25C86}"
EndProject
Project("{FAE04EC0-301F-11D3-BF4B-00C04F79EFBC}") = "Unity.InternalAPIEditorBridge.005", "Unity.InternalAPIEditorBridge.005.csproj", "{37CDBA70-4959-7CD9-CB7E-87D1286093D0}"
EndProject
Project("{FAE04EC0-301F-11D3-BF4B-00C04F79EFBC}") = "Unity.2D.Tilemap.Extras.Editor", "Unity.2D.Tilemap.Extras.Editor.csproj", "{20C938FE-A363-9B3B-AC96-7784B7478D60}"
EndProject
Project("{FAE04EC0-301F-11D3-BF4B-00C04F79EFBC}") = "Unity.Burst.Editor", "Unity.Burst.Editor.csproj", "{B1693BFA-D986-E147-B6F1-49D75CB4991E}"
EndProject
Project("{FAE04EC0-301F-11D3-BF4B-00C04F79EFBC}") = "Unity.InternalAPIEditorBridge.001", "Unity.InternalAPIEditorBridge.001.csproj", "{4F9BFB45-F323-CB3D-F2C8-E1188BC0B1C4}"
EndProject
Project("{FAE04EC0-301F-11D3-BF4B-00C04F79EFBC}") = "Unity.VisualScripting.Shared.Editor", "Unity.VisualScripting.Shared.Editor.csproj", "{BBB6902F-2109-E46D-EF2F-4B2AFE174247}"
EndProject
Project("{FAE04EC0-301F-11D3-BF4B-00C04F79EFBC}") = "Unity.2D.Aseprite.Common", "Unity.2D.Aseprite.Common.csproj", "{46C2F59B-72DD-8E65-8F26-25E7874A8FE6}"
EndProject
Project("{FAE04EC0-301F-11D3-BF4B-00C04F79EFBC}") = "UnityEngine.UI", "UnityEngine.UI.Player.csproj", "{7B07169F-6A60-7096-24C9-C4D1DDFDD4C3}"
EndProject
Project("{FAE04EC0-301F-11D3-BF4B-00C04F79EFBC}") = "UnityEngine.TestRunner", "UnityEngine.TestRunner.Player.csproj", "{E846A9F2-FC00-D66A-764E-213DD614A50C}"
EndProject
Project("{FAE04EC0-301F-11D3-BF4B-00C04F79EFBC}") = "Unity.VisualScripting.Flow", "Unity.VisualScripting.Flow.Player.csproj", "{E67A70E4-081A-7A15-E526-05E07B76DA2D}"
EndProject
Project("{FAE04EC0-301F-11D3-BF4B-00C04F79EFBC}") = "Unity.Mathematics", "Unity.Mathematics.Player.csproj", "{AAA29F2D-7466-F0F2-F1DF-35FF772B865D}"
EndProject
Project("{FAE04EC0-301F-11D3-BF4B-00C04F79EFBC}") = "Unity.VisualScripting.State", "Unity.VisualScripting.State.Player.csproj", "{7CEB6D20-C3EC-2616-AA9A-57220925D9C2}"
EndProject
Project("{FAE04EC0-301F-11D3-BF4B-00C04F79EFBC}") = "Unity.VisualScripting.Core", "Unity.VisualScripting.Core.Player.csproj", "{29E96A2F-A97A-CD3E-BF48-D0AA2104C072}"
EndProject
Project("{FAE04EC0-301F-11D3-BF4B-00C04F79EFBC}") = "Unity.Burst", "Unity.Burst.Player.csproj", "{4803EEB4-7E34-7BF9-A46F-21EFADCBC9FC}"
EndProject
Project("{FAE04EC0-301F-11D3-BF4B-00C04F79EFBC}") = "Unity.2D.Animation.Runtime", "Unity.2D.Animation.Runtime.Player.csproj", "{1604EF26-C21A-7E6A-52C4-13A3BEE370D6}"
EndProject
Project("{FAE04EC0-301F-11D3-BF4B-00C04F79EFBC}") = "Assembly-CSharp", "Assembly-CSharp.Player.csproj", "{2328D6D6-E8BF-98B5-219C-D093DB2262F0}"
EndProject
Project("{FAE04EC0-301F-11D3-BF4B-00C04F79EFBC}") = "Unity.TextMeshPro", "Unity.TextMeshPro.Player.csproj", "{8E93405D-4BCE-C5F4-7117-191430ADDC3A}"
EndProject
Project("{FAE04EC0-301F-11D3-BF4B-00C04F79EFBC}") = "Unity.Timeline", "Unity.Timeline.Player.csproj", "{898A0147-0DB2-62B0-6C00-381FEA5BBDE2}"
EndProject
Project("{FAE04EC0-301F-11D3-BF4B-00C04F79EFBC}") = "Unity.2D.SpriteShape.Runtime", "Unity.2D.SpriteShape.Runtime.Player.csproj", "{179C7109-11A0-6A2D-B540-1B804C0F396B}"
EndProject
Project("{FAE04EC0-301F-11D3-BF4B-00C04F79EFBC}") = "Unity.2D.PixelPerfect", "Unity.2D.PixelPerfect.Player.csproj", "{B335C8A8-5B0D-A2BB-46C0-DEF57D45DB3D}"
EndProject
Project("{FAE04EC0-301F-11D3-BF4B-00C04F79EFBC}") = "Unity.2D.Common.Runtime", "Unity.2D.Common.Runtime.Player.csproj", "{5C68D0CF-0A25-8B23-F73A-B41C1555F7CF}"
EndProject
Project("{FAE04EC0-301F-11D3-BF4B-00C04F79EFBC}") = "Unity.2D.IK.Runtime", "Unity.2D.IK.Runtime.Player.csproj", "{DAEF39FB-93F7-BE83-A04F-30184571D86C}"
EndProject
Project("{FAE04EC0-301F-11D3-BF4B-00C04F79EFBC}") = "Unity.2D.Tilemap.Extras", "Unity.2D.Tilemap.Extras.Player.csproj", "{79D6C2BA-92EC-E835-ED0C-D9B3CC1B2DE6}"
EndProject
Project("{FAE04EC0-301F-11D3-BF4B-00C04F79EFBC}") = "Unity.InternalAPIEngineBridge.001", "Unity.InternalAPIEngineBridge.001.Player.csproj", "{09E276A8-6B09-F9EB-215A-8D75476F9EC7}"
EndProject
Global
	GlobalSection(SolutionConfigurationPlatforms) = preSolution
		Debug|Any CPU = Debug|Any CPU
		Release|Any CPU = Release|Any CPU
	EndGlobalSection
	GlobalSection(ProjectConfigurationPlatforms) = postSolution
		{98C28897-BC52-CBB7-8388-D7A515DA58D0}.Debug|Any CPU.ActiveCfg = Debug|Any CPU
		{98C28897-BC52-CBB7-8388-D7A515DA58D0}.Debug|Any CPU.Build.0 = Debug|Any CPU
		{98C28897-BC52-CBB7-8388-D7A515DA58D0}.Release|Any CPU.ActiveCfg = Release|Any CPU
		{98C28897-BC52-CBB7-8388-D7A515DA58D0}.Release|Any CPU.Build.0 = Release|Any CPU
		{BD5DEC31-77CF-FF11-C50A-FC238B1DB1D7}.Debug|Any CPU.ActiveCfg = Debug|Any CPU
		{BD5DEC31-77CF-FF11-C50A-FC238B1DB1D7}.Debug|Any CPU.Build.0 = Debug|Any CPU
		{BD5DEC31-77CF-FF11-C50A-FC238B1DB1D7}.Release|Any CPU.ActiveCfg = Release|Any CPU
		{BD5DEC31-77CF-FF11-C50A-FC238B1DB1D7}.Release|Any CPU.Build.0 = Release|Any CPU
		{5F65D179-4934-FEE1-8F45-34A32E86147A}.Debug|Any CPU.ActiveCfg = Debug|Any CPU
		{5F65D179-4934-FEE1-8F45-34A32E86147A}.Debug|Any CPU.Build.0 = Debug|Any CPU
		{5F65D179-4934-FEE1-8F45-34A32E86147A}.Release|Any CPU.ActiveCfg = Release|Any CPU
		{5F65D179-4934-FEE1-8F45-34A32E86147A}.Release|Any CPU.Build.0 = Release|Any CPU
		{CB7D035A-D97A-269A-6D82-957AF58C7105}.Debug|Any CPU.ActiveCfg = Debug|Any CPU
		{CB7D035A-D97A-269A-6D82-957AF58C7105}.Debug|Any CPU.Build.0 = Debug|Any CPU
		{CB7D035A-D97A-269A-6D82-957AF58C7105}.Release|Any CPU.ActiveCfg = Release|Any CPU
		{CB7D035A-D97A-269A-6D82-957AF58C7105}.Release|Any CPU.Build.0 = Release|Any CPU
		{0565A1D6-106A-7543-9674-7592C6EC689E}.Debug|Any CPU.ActiveCfg = Debug|Any CPU
		{0565A1D6-106A-7543-9674-7592C6EC689E}.Debug|Any CPU.Build.0 = Debug|Any CPU
		{0565A1D6-106A-7543-9674-7592C6EC689E}.Release|Any CPU.ActiveCfg = Release|Any CPU
		{0565A1D6-106A-7543-9674-7592C6EC689E}.Release|Any CPU.Build.0 = Release|Any CPU
		{20EC0D67-DEF1-6C5F-23C9-FD0C5E4A6E10}.Debug|Any CPU.ActiveCfg = Debug|Any CPU
		{20EC0D67-DEF1-6C5F-23C9-FD0C5E4A6E10}.Debug|Any CPU.Build.0 = Debug|Any CPU
		{20EC0D67-DEF1-6C5F-23C9-FD0C5E4A6E10}.Release|Any CPU.ActiveCfg = Release|Any CPU
		{20EC0D67-DEF1-6C5F-23C9-FD0C5E4A6E10}.Release|Any CPU.Build.0 = Release|Any CPU
		{F060E5AF-2C61-96B5-D7E7-A9CD114B2EEA}.Debug|Any CPU.ActiveCfg = Debug|Any CPU
		{F060E5AF-2C61-96B5-D7E7-A9CD114B2EEA}.Debug|Any CPU.Build.0 = Debug|Any CPU
		{F060E5AF-2C61-96B5-D7E7-A9CD114B2EEA}.Release|Any CPU.ActiveCfg = Release|Any CPU
		{F060E5AF-2C61-96B5-D7E7-A9CD114B2EEA}.Release|Any CPU.Build.0 = Release|Any CPU
		{130C3D42-7CD5-BDBE-4B48-ECAECF35AC70}.Debug|Any CPU.ActiveCfg = Debug|Any CPU
		{130C3D42-7CD5-BDBE-4B48-ECAECF35AC70}.Debug|Any CPU.Build.0 = Debug|Any CPU
		{130C3D42-7CD5-BDBE-4B48-ECAECF35AC70}.Release|Any CPU.ActiveCfg = Release|Any CPU
		{130C3D42-7CD5-BDBE-4B48-ECAECF35AC70}.Release|Any CPU.Build.0 = Release|Any CPU
		{AB927FBF-D901-E933-F521-68A0418FFFF4}.Debug|Any CPU.ActiveCfg = Debug|Any CPU
		{AB927FBF-D901-E933-F521-68A0418FFFF4}.Debug|Any CPU.Build.0 = Debug|Any CPU
		{AB927FBF-D901-E933-F521-68A0418FFFF4}.Release|Any CPU.ActiveCfg = Release|Any CPU
		{AB927FBF-D901-E933-F521-68A0418FFFF4}.Release|Any CPU.Build.0 = Release|Any CPU
		{6C693405-303E-0907-C466-B77A8DF03B1A}.Debug|Any CPU.ActiveCfg = Debug|Any CPU
		{6C693405-303E-0907-C466-B77A8DF03B1A}.Debug|Any CPU.Build.0 = Debug|Any CPU
		{6C693405-303E-0907-C466-B77A8DF03B1A}.Release|Any CPU.ActiveCfg = Release|Any CPU
		{6C693405-303E-0907-C466-B77A8DF03B1A}.Release|Any CPU.Build.0 = Release|Any CPU
		{B636B6C0-6D1B-4E8E-A6CD-249FBF3F3BAA}.Debug|Any CPU.ActiveCfg = Debug|Any CPU
		{B636B6C0-6D1B-4E8E-A6CD-249FBF3F3BAA}.Debug|Any CPU.Build.0 = Debug|Any CPU
		{B636B6C0-6D1B-4E8E-A6CD-249FBF3F3BAA}.Release|Any CPU.ActiveCfg = Release|Any CPU
		{B636B6C0-6D1B-4E8E-A6CD-249FBF3F3BAA}.Release|Any CPU.Build.0 = Release|Any CPU
		{E99CC6AB-8346-F3F6-A6A2-49EC9DED31C2}.Debug|Any CPU.ActiveCfg = Debug|Any CPU
		{E99CC6AB-8346-F3F6-A6A2-49EC9DED31C2}.Debug|Any CPU.Build.0 = Debug|Any CPU
		{E99CC6AB-8346-F3F6-A6A2-49EC9DED31C2}.Release|Any CPU.ActiveCfg = Release|Any CPU
		{E99CC6AB-8346-F3F6-A6A2-49EC9DED31C2}.Release|Any CPU.Build.0 = Release|Any CPU
		{9E287CC8-D6B4-859B-25ED-E0A7B5E411B8}.Debug|Any CPU.ActiveCfg = Debug|Any CPU
		{9E287CC8-D6B4-859B-25ED-E0A7B5E411B8}.Debug|Any CPU.Build.0 = Debug|Any CPU
		{9E287CC8-D6B4-859B-25ED-E0A7B5E411B8}.Release|Any CPU.ActiveCfg = Release|Any CPU
		{9E287CC8-D6B4-859B-25ED-E0A7B5E411B8}.Release|Any CPU.Build.0 = Release|Any CPU
		{AE9AFAB7-1DCA-F436-57AE-E9A8FD5A988E}.Debug|Any CPU.ActiveCfg = Debug|Any CPU
		{AE9AFAB7-1DCA-F436-57AE-E9A8FD5A988E}.Debug|Any CPU.Build.0 = Debug|Any CPU
		{AE9AFAB7-1DCA-F436-57AE-E9A8FD5A988E}.Release|Any CPU.ActiveCfg = Release|Any CPU
		{AE9AFAB7-1DCA-F436-57AE-E9A8FD5A988E}.Release|Any CPU.Build.0 = Release|Any CPU
		{F2091A61-D7E3-3A58-80C1-1255FDC90C67}.Debug|Any CPU.ActiveCfg = Debug|Any CPU
		{F2091A61-D7E3-3A58-80C1-1255FDC90C67}.Debug|Any CPU.Build.0 = Debug|Any CPU
		{F2091A61-D7E3-3A58-80C1-1255FDC90C67}.Release|Any CPU.ActiveCfg = Release|Any CPU
		{F2091A61-D7E3-3A58-80C1-1255FDC90C67}.Release|Any CPU.Build.0 = Release|Any CPU
		{3F06A929-7ED5-25F9-6D41-1681FB4D2289}.Debug|Any CPU.ActiveCfg = Debug|Any CPU
		{3F06A929-7ED5-25F9-6D41-1681FB4D2289}.Debug|Any CPU.Build.0 = Debug|Any CPU
		{3F06A929-7ED5-25F9-6D41-1681FB4D2289}.Release|Any CPU.ActiveCfg = Release|Any CPU
		{3F06A929-7ED5-25F9-6D41-1681FB4D2289}.Release|Any CPU.Build.0 = Release|Any CPU
		{8C4DEA4A-DAE7-8034-012C-2517D15B370F}.Debug|Any CPU.ActiveCfg = Debug|Any CPU
		{8C4DEA4A-DAE7-8034-012C-2517D15B370F}.Debug|Any CPU.Build.0 = Debug|Any CPU
		{8C4DEA4A-DAE7-8034-012C-2517D15B370F}.Release|Any CPU.ActiveCfg = Release|Any CPU
		{8C4DEA4A-DAE7-8034-012C-2517D15B370F}.Release|Any CPU.Build.0 = Release|Any CPU
		{5F81E8EB-6E14-6FD1-85BD-9FAFE9BCFD7A}.Debug|Any CPU.ActiveCfg = Debug|Any CPU
		{5F81E8EB-6E14-6FD1-85BD-9FAFE9BCFD7A}.Debug|Any CPU.Build.0 = Debug|Any CPU
		{5F81E8EB-6E14-6FD1-85BD-9FAFE9BCFD7A}.Release|Any CPU.ActiveCfg = Release|Any CPU
		{5F81E8EB-6E14-6FD1-85BD-9FAFE9BCFD7A}.Release|Any CPU.Build.0 = Release|Any CPU
		{B8C8F26C-F7A4-661D-8F89-832114A8C77C}.Debug|Any CPU.ActiveCfg = Debug|Any CPU
		{B8C8F26C-F7A4-661D-8F89-832114A8C77C}.Debug|Any CPU.Build.0 = Debug|Any CPU
		{B8C8F26C-F7A4-661D-8F89-832114A8C77C}.Release|Any CPU.ActiveCfg = Release|Any CPU
		{B8C8F26C-F7A4-661D-8F89-832114A8C77C}.Release|Any CPU.Build.0 = Release|Any CPU
		{9AA469BA-F175-2F16-1313-999C6A7F5563}.Debug|Any CPU.ActiveCfg = Debug|Any CPU
		{9AA469BA-F175-2F16-1313-999C6A7F5563}.Debug|Any CPU.Build.0 = Debug|Any CPU
		{9AA469BA-F175-2F16-1313-999C6A7F5563}.Release|Any CPU.ActiveCfg = Release|Any CPU
		{9AA469BA-F175-2F16-1313-999C6A7F5563}.Release|Any CPU.Build.0 = Release|Any CPU
		{507FC84C-5EF6-981E-88B1-D7F02EE04BCF}.Debug|Any CPU.ActiveCfg = Debug|Any CPU
		{507FC84C-5EF6-981E-88B1-D7F02EE04BCF}.Debug|Any CPU.Build.0 = Debug|Any CPU
		{507FC84C-5EF6-981E-88B1-D7F02EE04BCF}.Release|Any CPU.ActiveCfg = Release|Any CPU
		{507FC84C-5EF6-981E-88B1-D7F02EE04BCF}.Release|Any CPU.Build.0 = Release|Any CPU
		{BAEDA621-06B5-AF15-80E1-84375145A9AD}.Debug|Any CPU.ActiveCfg = Debug|Any CPU
		{BAEDA621-06B5-AF15-80E1-84375145A9AD}.Debug|Any CPU.Build.0 = Debug|Any CPU
		{BAEDA621-06B5-AF15-80E1-84375145A9AD}.Release|Any CPU.ActiveCfg = Release|Any CPU
		{BAEDA621-06B5-AF15-80E1-84375145A9AD}.Release|Any CPU.Build.0 = Release|Any CPU
		{97C5BA7A-A479-4DB3-0E05-9A3BF0F70871}.Debug|Any CPU.ActiveCfg = Debug|Any CPU
		{97C5BA7A-A479-4DB3-0E05-9A3BF0F70871}.Debug|Any CPU.Build.0 = Debug|Any CPU
		{97C5BA7A-A479-4DB3-0E05-9A3BF0F70871}.Release|Any CPU.ActiveCfg = Release|Any CPU
		{97C5BA7A-A479-4DB3-0E05-9A3BF0F70871}.Release|Any CPU.Build.0 = Release|Any CPU
		{2F53D1FC-4CEE-E30A-877A-73610CA74313}.Debug|Any CPU.ActiveCfg = Debug|Any CPU
		{2F53D1FC-4CEE-E30A-877A-73610CA74313}.Debug|Any CPU.Build.0 = Debug|Any CPU
		{2F53D1FC-4CEE-E30A-877A-73610CA74313}.Release|Any CPU.ActiveCfg = Release|Any CPU
		{2F53D1FC-4CEE-E30A-877A-73610CA74313}.Release|Any CPU.Build.0 = Release|Any CPU
		{29B7D368-64E8-2259-8374-9B7736CB225E}.Debug|Any CPU.ActiveCfg = Debug|Any CPU
		{29B7D368-64E8-2259-8374-9B7736CB225E}.Debug|Any CPU.Build.0 = Debug|Any CPU
		{29B7D368-64E8-2259-8374-9B7736CB225E}.Release|Any CPU.ActiveCfg = Release|Any CPU
		{29B7D368-64E8-2259-8374-9B7736CB225E}.Release|Any CPU.Build.0 = Release|Any CPU
		{C9524E3F-82D9-5474-5E6E-F2106B7E0E45}.Debug|Any CPU.ActiveCfg = Debug|Any CPU
		{C9524E3F-82D9-5474-5E6E-F2106B7E0E45}.Debug|Any CPU.Build.0 = Debug|Any CPU
		{C9524E3F-82D9-5474-5E6E-F2106B7E0E45}.Release|Any CPU.ActiveCfg = Release|Any CPU
		{C9524E3F-82D9-5474-5E6E-F2106B7E0E45}.Release|Any CPU.Build.0 = Release|Any CPU
		{93791AC7-BC51-4AD3-C81D-B44FADB48F38}.Debug|Any CPU.ActiveCfg = Debug|Any CPU
		{93791AC7-BC51-4AD3-C81D-B44FADB48F38}.Debug|Any CPU.Build.0 = Debug|Any CPU
		{93791AC7-BC51-4AD3-C81D-B44FADB48F38}.Release|Any CPU.ActiveCfg = Release|Any CPU
		{93791AC7-BC51-4AD3-C81D-B44FADB48F38}.Release|Any CPU.Build.0 = Release|Any CPU
		{2675BE58-B124-5340-F9EC-47B258CB1AD2}.Debug|Any CPU.ActiveCfg = Debug|Any CPU
		{2675BE58-B124-5340-F9EC-47B258CB1AD2}.Debug|Any CPU.Build.0 = Debug|Any CPU
		{2675BE58-B124-5340-F9EC-47B258CB1AD2}.Release|Any CPU.ActiveCfg = Release|Any CPU
		{2675BE58-B124-5340-F9EC-47B258CB1AD2}.Release|Any CPU.Build.0 = Release|Any CPU
		{A064C88A-531D-457D-4D7F-75A02ED7C34E}.Debug|Any CPU.ActiveCfg = Debug|Any CPU
		{A064C88A-531D-457D-4D7F-75A02ED7C34E}.Debug|Any CPU.Build.0 = Debug|Any CPU
		{A064C88A-531D-457D-4D7F-75A02ED7C34E}.Release|Any CPU.ActiveCfg = Release|Any CPU
		{A064C88A-531D-457D-4D7F-75A02ED7C34E}.Release|Any CPU.Build.0 = Release|Any CPU
		{9685DEBB-4BA4-233A-E978-8DAA9BB88853}.Debug|Any CPU.ActiveCfg = Debug|Any CPU
		{9685DEBB-4BA4-233A-E978-8DAA9BB88853}.Debug|Any CPU.Build.0 = Debug|Any CPU
		{9685DEBB-4BA4-233A-E978-8DAA9BB88853}.Release|Any CPU.ActiveCfg = Release|Any CPU
		{9685DEBB-4BA4-233A-E978-8DAA9BB88853}.Release|Any CPU.Build.0 = Release|Any CPU
		{C57B1ED4-2B52-4D32-4833-C29AB0188C61}.Debug|Any CPU.ActiveCfg = Debug|Any CPU
		{C57B1ED4-2B52-4D32-4833-C29AB0188C61}.Debug|Any CPU.Build.0 = Debug|Any CPU
		{C57B1ED4-2B52-4D32-4833-C29AB0188C61}.Release|Any CPU.ActiveCfg = Release|Any CPU
		{C57B1ED4-2B52-4D32-4833-C29AB0188C61}.Release|Any CPU.Build.0 = Release|Any CPU
		{1129AF3C-A1B2-C037-393B-AEA6197E69A3}.Debug|Any CPU.ActiveCfg = Debug|Any CPU
		{1129AF3C-A1B2-C037-393B-AEA6197E69A3}.Debug|Any CPU.Build.0 = Debug|Any CPU
		{1129AF3C-A1B2-C037-393B-AEA6197E69A3}.Release|Any CPU.ActiveCfg = Release|Any CPU
		{1129AF3C-A1B2-C037-393B-AEA6197E69A3}.Release|Any CPU.Build.0 = Release|Any CPU
		{2A0724B6-65C5-E266-4B45-9701EA6142AF}.Debug|Any CPU.ActiveCfg = Debug|Any CPU
		{2A0724B6-65C5-E266-4B45-9701EA6142AF}.Debug|Any CPU.Build.0 = Debug|Any CPU
		{2A0724B6-65C5-E266-4B45-9701EA6142AF}.Release|Any CPU.ActiveCfg = Release|Any CPU
		{2A0724B6-65C5-E266-4B45-9701EA6142AF}.Release|Any CPU.Build.0 = Release|Any CPU
		{D17B42C8-C90C-6E39-19B3-FE3839635D6B}.Debug|Any CPU.ActiveCfg = Debug|Any CPU
		{D17B42C8-C90C-6E39-19B3-FE3839635D6B}.Debug|Any CPU.Build.0 = Debug|Any CPU
		{D17B42C8-C90C-6E39-19B3-FE3839635D6B}.Release|Any CPU.ActiveCfg = Release|Any CPU
		{D17B42C8-C90C-6E39-19B3-FE3839635D6B}.Release|Any CPU.Build.0 = Release|Any CPU
		{A739AAF3-E7BF-F880-65C8-751608ED408F}.Debug|Any CPU.ActiveCfg = Debug|Any CPU
		{A739AAF3-E7BF-F880-65C8-751608ED408F}.Debug|Any CPU.Build.0 = Debug|Any CPU
		{A739AAF3-E7BF-F880-65C8-751608ED408F}.Release|Any CPU.ActiveCfg = Release|Any CPU
		{A739AAF3-E7BF-F880-65C8-751608ED408F}.Release|Any CPU.Build.0 = Release|Any CPU
		{13679AC6-9724-7FE5-E351-7E0DC47DBAEE}.Debug|Any CPU.ActiveCfg = Debug|Any CPU
		{13679AC6-9724-7FE5-E351-7E0DC47DBAEE}.Debug|Any CPU.Build.0 = Debug|Any CPU
		{13679AC6-9724-7FE5-E351-7E0DC47DBAEE}.Release|Any CPU.ActiveCfg = Release|Any CPU
		{13679AC6-9724-7FE5-E351-7E0DC47DBAEE}.Release|Any CPU.Build.0 = Release|Any CPU
		{D4562695-DF32-889D-DD78-0A848019877B}.Debug|Any CPU.ActiveCfg = Debug|Any CPU
		{D4562695-DF32-889D-DD78-0A848019877B}.Debug|Any CPU.Build.0 = Debug|Any CPU
		{D4562695-DF32-889D-DD78-0A848019877B}.Release|Any CPU.ActiveCfg = Release|Any CPU
		{D4562695-DF32-889D-DD78-0A848019877B}.Release|Any CPU.Build.0 = Release|Any CPU
		{DFA2ADB5-D04D-F535-A906-EDCD050E2044}.Debug|Any CPU.ActiveCfg = Debug|Any CPU
		{DFA2ADB5-D04D-F535-A906-EDCD050E2044}.Debug|Any CPU.Build.0 = Debug|Any CPU
		{DFA2ADB5-D04D-F535-A906-EDCD050E2044}.Release|Any CPU.ActiveCfg = Release|Any CPU
		{DFA2ADB5-D04D-F535-A906-EDCD050E2044}.Release|Any CPU.Build.0 = Release|Any CPU
		{22E024CE-45B5-366C-B3CC-A801A663B2CF}.Debug|Any CPU.ActiveCfg = Debug|Any CPU
		{22E024CE-45B5-366C-B3CC-A801A663B2CF}.Debug|Any CPU.Build.0 = Debug|Any CPU
		{22E024CE-45B5-366C-B3CC-A801A663B2CF}.Release|Any CPU.ActiveCfg = Release|Any CPU
		{22E024CE-45B5-366C-B3CC-A801A663B2CF}.Release|Any CPU.Build.0 = Release|Any CPU
		{ACCAB6A1-D3BF-17BD-D6A3-4F907F54FC8D}.Debug|Any CPU.ActiveCfg = Debug|Any CPU
		{ACCAB6A1-D3BF-17BD-D6A3-4F907F54FC8D}.Debug|Any CPU.Build.0 = Debug|Any CPU
		{ACCAB6A1-D3BF-17BD-D6A3-4F907F54FC8D}.Release|Any CPU.ActiveCfg = Release|Any CPU
		{ACCAB6A1-D3BF-17BD-D6A3-4F907F54FC8D}.Release|Any CPU.Build.0 = Release|Any CPU
		{9750554B-5F47-3BF1-90C3-B5EA7C6F83F1}.Debug|Any CPU.ActiveCfg = Debug|Any CPU
		{9750554B-5F47-3BF1-90C3-B5EA7C6F83F1}.Debug|Any CPU.Build.0 = Debug|Any CPU
		{9750554B-5F47-3BF1-90C3-B5EA7C6F83F1}.Release|Any CPU.ActiveCfg = Release|Any CPU
		{9750554B-5F47-3BF1-90C3-B5EA7C6F83F1}.Release|Any CPU.Build.0 = Release|Any CPU
		{EE434C9D-B3C6-91E4-F690-8F69BFC36A2C}.Debug|Any CPU.ActiveCfg = Debug|Any CPU
		{EE434C9D-B3C6-91E4-F690-8F69BFC36A2C}.Debug|Any CPU.Build.0 = Debug|Any CPU
		{EE434C9D-B3C6-91E4-F690-8F69BFC36A2C}.Release|Any CPU.ActiveCfg = Release|Any CPU
		{EE434C9D-B3C6-91E4-F690-8F69BFC36A2C}.Release|Any CPU.Build.0 = Release|Any CPU
		{5DC7AC8D-A913-DAFB-8BA0-F0981D22F5CD}.Debug|Any CPU.ActiveCfg = Debug|Any CPU
		{5DC7AC8D-A913-DAFB-8BA0-F0981D22F5CD}.Debug|Any CPU.Build.0 = Debug|Any CPU
		{5DC7AC8D-A913-DAFB-8BA0-F0981D22F5CD}.Release|Any CPU.ActiveCfg = Release|Any CPU
		{5DC7AC8D-A913-DAFB-8BA0-F0981D22F5CD}.Release|Any CPU.Build.0 = Release|Any CPU
		{EBECCA6A-DE5C-701F-7A42-81EEEBA25C86}.Debug|Any CPU.ActiveCfg = Debug|Any CPU
		{EBECCA6A-DE5C-701F-7A42-81EEEBA25C86}.Debug|Any CPU.Build.0 = Debug|Any CPU
		{EBECCA6A-DE5C-701F-7A42-81EEEBA25C86}.Release|Any CPU.ActiveCfg = Release|Any CPU
		{EBECCA6A-DE5C-701F-7A42-81EEEBA25C86}.Release|Any CPU.Build.0 = Release|Any CPU
		{37CDBA70-4959-7CD9-CB7E-87D1286093D0}.Debug|Any CPU.ActiveCfg = Debug|Any CPU
		{37CDBA70-4959-7CD9-CB7E-87D1286093D0}.Debug|Any CPU.Build.0 = Debug|Any CPU
		{37CDBA70-4959-7CD9-CB7E-87D1286093D0}.Release|Any CPU.ActiveCfg = Release|Any CPU
		{37CDBA70-4959-7CD9-CB7E-87D1286093D0}.Release|Any CPU.Build.0 = Release|Any CPU
		{20C938FE-A363-9B3B-AC96-7784B7478D60}.Debug|Any CPU.ActiveCfg = Debug|Any CPU
		{20C938FE-A363-9B3B-AC96-7784B7478D60}.Debug|Any CPU.Build.0 = Debug|Any CPU
		{20C938FE-A363-9B3B-AC96-7784B7478D60}.Release|Any CPU.ActiveCfg = Release|Any CPU
		{20C938FE-A363-9B3B-AC96-7784B7478D60}.Release|Any CPU.Build.0 = Release|Any CPU
		{B1693BFA-D986-E147-B6F1-49D75CB4991E}.Debug|Any CPU.ActiveCfg = Debug|Any CPU
		{B1693BFA-D986-E147-B6F1-49D75CB4991E}.Debug|Any CPU.Build.0 = Debug|Any CPU
		{B1693BFA-D986-E147-B6F1-49D75CB4991E}.Release|Any CPU.ActiveCfg = Release|Any CPU
		{B1693BFA-D986-E147-B6F1-49D75CB4991E}.Release|Any CPU.Build.0 = Release|Any CPU
		{4F9BFB45-F323-CB3D-F2C8-E1188BC0B1C4}.Debug|Any CPU.ActiveCfg = Debug|Any CPU
		{4F9BFB45-F323-CB3D-F2C8-E1188BC0B1C4}.Debug|Any CPU.Build.0 = Debug|Any CPU
		{4F9BFB45-F323-CB3D-F2C8-E1188BC0B1C4}.Release|Any CPU.ActiveCfg = Release|Any CPU
		{4F9BFB45-F323-CB3D-F2C8-E1188BC0B1C4}.Release|Any CPU.Build.0 = Release|Any CPU
		{BBB6902F-2109-E46D-EF2F-4B2AFE174247}.Debug|Any CPU.ActiveCfg = Debug|Any CPU
		{BBB6902F-2109-E46D-EF2F-4B2AFE174247}.Debug|Any CPU.Build.0 = Debug|Any CPU
		{BBB6902F-2109-E46D-EF2F-4B2AFE174247}.Release|Any CPU.ActiveCfg = Release|Any CPU
		{BBB6902F-2109-E46D-EF2F-4B2AFE174247}.Release|Any CPU.Build.0 = Release|Any CPU
		{46C2F59B-72DD-8E65-8F26-25E7874A8FE6}.Debug|Any CPU.ActiveCfg = Debug|Any CPU
		{46C2F59B-72DD-8E65-8F26-25E7874A8FE6}.Debug|Any CPU.Build.0 = Debug|Any CPU
		{46C2F59B-72DD-8E65-8F26-25E7874A8FE6}.Release|Any CPU.ActiveCfg = Release|Any CPU
		{46C2F59B-72DD-8E65-8F26-25E7874A8FE6}.Release|Any CPU.Build.0 = Release|Any CPU
		{7B07169F-6A60-7096-24C9-C4D1DDFDD4C3}.Debug|Any CPU.ActiveCfg = Debug|Any CPU
		{7B07169F-6A60-7096-24C9-C4D1DDFDD4C3}.Debug|Any CPU.Build.0 = Debug|Any CPU
		{7B07169F-6A60-7096-24C9-C4D1DDFDD4C3}.Release|Any CPU.ActiveCfg = Release|Any CPU
		{7B07169F-6A60-7096-24C9-C4D1DDFDD4C3}.Release|Any CPU.Build.0 = Release|Any CPU
		{E846A9F2-FC00-D66A-764E-213DD614A50C}.Debug|Any CPU.ActiveCfg = Debug|Any CPU
		{E846A9F2-FC00-D66A-764E-213DD614A50C}.Debug|Any CPU.Build.0 = Debug|Any CPU
		{E846A9F2-FC00-D66A-764E-213DD614A50C}.Release|Any CPU.ActiveCfg = Release|Any CPU
		{E846A9F2-FC00-D66A-764E-213DD614A50C}.Release|Any CPU.Build.0 = Release|Any CPU
		{E67A70E4-081A-7A15-E526-05E07B76DA2D}.Debug|Any CPU.ActiveCfg = Debug|Any CPU
		{E67A70E4-081A-7A15-E526-05E07B76DA2D}.Debug|Any CPU.Build.0 = Debug|Any CPU
		{E67A70E4-081A-7A15-E526-05E07B76DA2D}.Release|Any CPU.ActiveCfg = Release|Any CPU
		{E67A70E4-081A-7A15-E526-05E07B76DA2D}.Release|Any CPU.Build.0 = Release|Any CPU
		{AAA29F2D-7466-F0F2-F1DF-35FF772B865D}.Debug|Any CPU.ActiveCfg = Debug|Any CPU
		{AAA29F2D-7466-F0F2-F1DF-35FF772B865D}.Debug|Any CPU.Build.0 = Debug|Any CPU
		{AAA29F2D-7466-F0F2-F1DF-35FF772B865D}.Release|Any CPU.ActiveCfg = Release|Any CPU
		{AAA29F2D-7466-F0F2-F1DF-35FF772B865D}.Release|Any CPU.Build.0 = Release|Any CPU
		{7CEB6D20-C3EC-2616-AA9A-57220925D9C2}.Debug|Any CPU.ActiveCfg = Debug|Any CPU
		{7CEB6D20-C3EC-2616-AA9A-57220925D9C2}.Debug|Any CPU.Build.0 = Debug|Any CPU
		{7CEB6D20-C3EC-2616-AA9A-57220925D9C2}.Release|Any CPU.ActiveCfg = Release|Any CPU
		{7CEB6D20-C3EC-2616-AA9A-57220925D9C2}.Release|Any CPU.Build.0 = Release|Any CPU
		{29E96A2F-A97A-CD3E-BF48-D0AA2104C072}.Debug|Any CPU.ActiveCfg = Debug|Any CPU
		{29E96A2F-A97A-CD3E-BF48-D0AA2104C072}.Debug|Any CPU.Build.0 = Debug|Any CPU
		{29E96A2F-A97A-CD3E-BF48-D0AA2104C072}.Release|Any CPU.ActiveCfg = Release|Any CPU
		{29E96A2F-A97A-CD3E-BF48-D0AA2104C072}.Release|Any CPU.Build.0 = Release|Any CPU
		{4803EEB4-7E34-7BF9-A46F-21EFADCBC9FC}.Debug|Any CPU.ActiveCfg = Debug|Any CPU
		{4803EEB4-7E34-7BF9-A46F-21EFADCBC9FC}.Debug|Any CPU.Build.0 = Debug|Any CPU
		{4803EEB4-7E34-7BF9-A46F-21EFADCBC9FC}.Release|Any CPU.ActiveCfg = Release|Any CPU
		{4803EEB4-7E34-7BF9-A46F-21EFADCBC9FC}.Release|Any CPU.Build.0 = Release|Any CPU
		{1604EF26-C21A-7E6A-52C4-13A3BEE370D6}.Debug|Any CPU.ActiveCfg = Debug|Any CPU
		{1604EF26-C21A-7E6A-52C4-13A3BEE370D6}.Debug|Any CPU.Build.0 = Debug|Any CPU
		{1604EF26-C21A-7E6A-52C4-13A3BEE370D6}.Release|Any CPU.ActiveCfg = Release|Any CPU
		{1604EF26-C21A-7E6A-52C4-13A3BEE370D6}.Release|Any CPU.Build.0 = Release|Any CPU
		{2328D6D6-E8BF-98B5-219C-D093DB2262F0}.Debug|Any CPU.ActiveCfg = Debug|Any CPU
		{2328D6D6-E8BF-98B5-219C-D093DB2262F0}.Debug|Any CPU.Build.0 = Debug|Any CPU
		{2328D6D6-E8BF-98B5-219C-D093DB2262F0}.Release|Any CPU.ActiveCfg = Release|Any CPU
		{2328D6D6-E8BF-98B5-219C-D093DB2262F0}.Release|Any CPU.Build.0 = Release|Any CPU
		{8E93405D-4BCE-C5F4-7117-191430ADDC3A}.Debug|Any CPU.ActiveCfg = Debug|Any CPU
		{8E93405D-4BCE-C5F4-7117-191430ADDC3A}.Debug|Any CPU.Build.0 = Debug|Any CPU
		{8E93405D-4BCE-C5F4-7117-191430ADDC3A}.Release|Any CPU.ActiveCfg = Release|Any CPU
		{8E93405D-4BCE-C5F4-7117-191430ADDC3A}.Release|Any CPU.Build.0 = Release|Any CPU
		{898A0147-0DB2-62B0-6C00-381FEA5BBDE2}.Debug|Any CPU.ActiveCfg = Debug|Any CPU
		{898A0147-0DB2-62B0-6C00-381FEA5BBDE2}.Debug|Any CPU.Build.0 = Debug|Any CPU
		{898A0147-0DB2-62B0-6C00-381FEA5BBDE2}.Release|Any CPU.ActiveCfg = Release|Any CPU
		{898A0147-0DB2-62B0-6C00-381FEA5BBDE2}.Release|Any CPU.Build.0 = Release|Any CPU
		{179C7109-11A0-6A2D-B540-1B804C0F396B}.Debug|Any CPU.ActiveCfg = Debug|Any CPU
		{179C7109-11A0-6A2D-B540-1B804C0F396B}.Debug|Any CPU.Build.0 = Debug|Any CPU
		{179C7109-11A0-6A2D-B540-1B804C0F396B}.Release|Any CPU.ActiveCfg = Release|Any CPU
		{179C7109-11A0-6A2D-B540-1B804C0F396B}.Release|Any CPU.Build.0 = Release|Any CPU
		{B335C8A8-5B0D-A2BB-46C0-DEF57D45DB3D}.Debug|Any CPU.ActiveCfg = Debug|Any CPU
		{B335C8A8-5B0D-A2BB-46C0-DEF57D45DB3D}.Debug|Any CPU.Build.0 = Debug|Any CPU
		{B335C8A8-5B0D-A2BB-46C0-DEF57D45DB3D}.Release|Any CPU.ActiveCfg = Release|Any CPU
		{B335C8A8-5B0D-A2BB-46C0-DEF57D45DB3D}.Release|Any CPU.Build.0 = Release|Any CPU
		{5C68D0CF-0A25-8B23-F73A-B41C1555F7CF}.Debug|Any CPU.ActiveCfg = Debug|Any CPU
		{5C68D0CF-0A25-8B23-F73A-B41C1555F7CF}.Debug|Any CPU.Build.0 = Debug|Any CPU
		{5C68D0CF-0A25-8B23-F73A-B41C1555F7CF}.Release|Any CPU.ActiveCfg = Release|Any CPU
		{5C68D0CF-0A25-8B23-F73A-B41C1555F7CF}.Release|Any CPU.Build.0 = Release|Any CPU
		{DAEF39FB-93F7-BE83-A04F-30184571D86C}.Debug|Any CPU.ActiveCfg = Debug|Any CPU
		{DAEF39FB-93F7-BE83-A04F-30184571D86C}.Debug|Any CPU.Build.0 = Debug|Any CPU
		{DAEF39FB-93F7-BE83-A04F-30184571D86C}.Release|Any CPU.ActiveCfg = Release|Any CPU
		{DAEF39FB-93F7-BE83-A04F-30184571D86C}.Release|Any CPU.Build.0 = Release|Any CPU
		{79D6C2BA-92EC-E835-ED0C-D9B3CC1B2DE6}.Debug|Any CPU.ActiveCfg = Debug|Any CPU
		{79D6C2BA-92EC-E835-ED0C-D9B3CC1B2DE6}.Debug|Any CPU.Build.0 = Debug|Any CPU
		{79D6C2BA-92EC-E835-ED0C-D9B3CC1B2DE6}.Release|Any CPU.ActiveCfg = Release|Any CPU
		{79D6C2BA-92EC-E835-ED0C-D9B3CC1B2DE6}.Release|Any CPU.Build.0 = Release|Any CPU
		{09E276A8-6B09-F9EB-215A-8D75476F9EC7}.Debug|Any CPU.ActiveCfg = Debug|Any CPU
		{09E276A8-6B09-F9EB-215A-8D75476F9EC7}.Debug|Any CPU.Build.0 = Debug|Any CPU
		{09E276A8-6B09-F9EB-215A-8D75476F9EC7}.Release|Any CPU.ActiveCfg = Release|Any CPU
		{09E276A8-6B09-F9EB-215A-8D75476F9EC7}.Release|Any CPU.Build.0 = Release|Any CPU
	EndGlobalSection
	GlobalSection(SolutionProperties) = preSolution
		HideSolutionNode = FALSE
	EndGlobalSection
EndGlobal
